// !$*UTF8*$!
{
	archiveVersion = 1;
	classes = {
	};
	objectVersion = 52;
	objects = {

/* Begin PBXBuildFile section */
		DD1BA47B23C7C14B0062BD40 /* MapViewController+UserLocation.swift in Sources */ = {isa = PBXBuildFile; fileRef = DD1BA47A23C7C14B0062BD40 /* MapViewController+UserLocation.swift */; };
		DD1BA47E23C7C9E90062BD40 /* Khmelnitskyi.gpx in Resources */ = {isa = PBXBuildFile; fileRef = DD1BA47D23C7C9E90062BD40 /* Khmelnitskyi.gpx */; };
		DD1BA48023C7CA300062BD40 /* Lviv.gpx in Resources */ = {isa = PBXBuildFile; fileRef = DD1BA47F23C7CA300062BD40 /* Lviv.gpx */; };
		DD1BA48223C7CE3F0062BD40 /* CustomMapItemAnnotation.swift in Sources */ = {isa = PBXBuildFile; fileRef = DD1BA48123C7CE3F0062BD40 /* CustomMapItemAnnotation.swift */; };
		DD5D255123C745E6000EFD1E /* AppDelegate.swift in Sources */ = {isa = PBXBuildFile; fileRef = DD5D255023C745E6000EFD1E /* AppDelegate.swift */; };
		DD5D255323C745E6000EFD1E /* SceneDelegate.swift in Sources */ = {isa = PBXBuildFile; fileRef = DD5D255223C745E6000EFD1E /* SceneDelegate.swift */; };
		DD5D255523C745E6000EFD1E /* ContentView.swift in Sources */ = {isa = PBXBuildFile; fileRef = DD5D255423C745E6000EFD1E /* ContentView.swift */; };
		DD5D255723C745E9000EFD1E /* Assets.xcassets in Resources */ = {isa = PBXBuildFile; fileRef = DD5D255623C745E9000EFD1E /* Assets.xcassets */; };
		DD5D255A23C745E9000EFD1E /* Preview Assets.xcassets in Resources */ = {isa = PBXBuildFile; fileRef = DD5D255923C745E9000EFD1E /* Preview Assets.xcassets */; };
		DD5D255D23C745E9000EFD1E /* LaunchScreen.storyboard in Resources */ = {isa = PBXBuildFile; fileRef = DD5D255B23C745E9000EFD1E /* LaunchScreen.storyboard */; };
		DD5D256623C747D8000EFD1E /* MapViewController.swift in Sources */ = {isa = PBXBuildFile; fileRef = DD5D256523C747D8000EFD1E /* MapViewController.swift */; };
		DD5D256923C749EC000EFD1E /* LBTATools in Frameworks */ = {isa = PBXBuildFile; productRef = DD5D256823C749EC000EFD1E /* LBTATools */; };
		DD5D256C23C77E93000EFD1E /* MKMapExtension.swift in Sources */ = {isa = PBXBuildFile; fileRef = DD5D256B23C77E93000EFD1E /* MKMapExtension.swift */; };
		DD5D256F23C7AA89000EFD1E /* LocationCarouselController.swift in Sources */ = {isa = PBXBuildFile; fileRef = DD5D256E23C7AA89000EFD1E /* LocationCarouselController.swift */; };
		DD5D257123C7AADC000EFD1E /* LocationCell.swift in Sources */ = {isa = PBXBuildFile; fileRef = DD5D257023C7AADC000EFD1E /* LocationCell.swift */; };
/* End PBXBuildFile section */

/* Begin PBXFileReference section */
		DD1BA47A23C7C14B0062BD40 /* MapViewController+UserLocation.swift */ = {isa = PBXFileReference; lastKnownFileType = sourcecode.swift; path = "MapViewController+UserLocation.swift"; sourceTree = "<group>"; };
		DD1BA47D23C7C9E90062BD40 /* Khmelnitskyi.gpx */ = {isa = PBXFileReference; lastKnownFileType = text.xml; path = Khmelnitskyi.gpx; sourceTree = "<group>"; };
		DD1BA47F23C7CA300062BD40 /* Lviv.gpx */ = {isa = PBXFileReference; lastKnownFileType = text.xml; path = Lviv.gpx; sourceTree = "<group>"; };
		DD1BA48123C7CE3F0062BD40 /* CustomMapItemAnnotation.swift */ = {isa = PBXFileReference; lastKnownFileType = sourcecode.swift; path = CustomMapItemAnnotation.swift; sourceTree = "<group>"; };
		DD5D254D23C745E6000EFD1E /* MapsGoes.app */ = {isa = PBXFileReference; explicitFileType = wrapper.application; includeInIndex = 0; path = MapsGoes.app; sourceTree = BUILT_PRODUCTS_DIR; };
		DD5D255023C745E6000EFD1E /* AppDelegate.swift */ = {isa = PBXFileReference; lastKnownFileType = sourcecode.swift; path = AppDelegate.swift; sourceTree = "<group>"; };
		DD5D255223C745E6000EFD1E /* SceneDelegate.swift */ = {isa = PBXFileReference; lastKnownFileType = sourcecode.swift; path = SceneDelegate.swift; sourceTree = "<group>"; };
		DD5D255423C745E6000EFD1E /* ContentView.swift */ = {isa = PBXFileReference; lastKnownFileType = sourcecode.swift; path = ContentView.swift; sourceTree = "<group>"; };
		DD5D255623C745E9000EFD1E /* Assets.xcassets */ = {isa = PBXFileReference; lastKnownFileType = folder.assetcatalog; path = Assets.xcassets; sourceTree = "<group>"; };
		DD5D255923C745E9000EFD1E /* Preview Assets.xcassets */ = {isa = PBXFileReference; lastKnownFileType = folder.assetcatalog; path = "Preview Assets.xcassets"; sourceTree = "<group>"; };
		DD5D255C23C745E9000EFD1E /* Base */ = {isa = PBXFileReference; lastKnownFileType = file.storyboard; name = Base; path = Base.lproj/LaunchScreen.storyboard; sourceTree = "<group>"; };
		DD5D255E23C745E9000EFD1E /* Info.plist */ = {isa = PBXFileReference; lastKnownFileType = text.plist.xml; path = Info.plist; sourceTree = "<group>"; };
		DD5D256523C747D8000EFD1E /* MapViewController.swift */ = {isa = PBXFileReference; lastKnownFileType = sourcecode.swift; path = MapViewController.swift; sourceTree = "<group>"; };
		DD5D256B23C77E93000EFD1E /* MKMapExtension.swift */ = {isa = PBXFileReference; lastKnownFileType = sourcecode.swift; path = MKMapExtension.swift; sourceTree = "<group>"; };
		DD5D256E23C7AA89000EFD1E /* LocationCarouselController.swift */ = {isa = PBXFileReference; lastKnownFileType = sourcecode.swift; path = LocationCarouselController.swift; sourceTree = "<group>"; };
		DD5D257023C7AADC000EFD1E /* LocationCell.swift */ = {isa = PBXFileReference; lastKnownFileType = sourcecode.swift; path = LocationCell.swift; sourceTree = "<group>"; };
/* End PBXFileReference section */

/* Begin PBXFrameworksBuildPhase section */
		DD5D254A23C745E6000EFD1E /* Frameworks */ = {
			isa = PBXFrameworksBuildPhase;
			buildActionMask = 2147483647;
			files = (
				DD5D256923C749EC000EFD1E /* LBTATools in Frameworks */,
			);
			runOnlyForDeploymentPostprocessing = 0;
		};
/* End PBXFrameworksBuildPhase section */

/* Begin PBXGroup section */
		DD1BA47923C7C0EC0062BD40 /* MapViewController */ = {
			isa = PBXGroup;
			children = (
				DD5D256523C747D8000EFD1E /* MapViewController.swift */,
				DD1BA47A23C7C14B0062BD40 /* MapViewController+UserLocation.swift */,
			);
			path = MapViewController;
			sourceTree = "<group>";
		};
		DD1BA47C23C7C8CB0062BD40 /* GPX Location */ = {
			isa = PBXGroup;
			children = (
				DD1BA47D23C7C9E90062BD40 /* Khmelnitskyi.gpx */,
				DD1BA47F23C7CA300062BD40 /* Lviv.gpx */,
			);
			path = "GPX Location";
			sourceTree = "<group>";
		};
		DD5D254423C745E6000EFD1E = {
			isa = PBXGroup;
			children = (
				DD5D254F23C745E6000EFD1E /* MapsGoes */,
				DD5D254E23C745E6000EFD1E /* Products */,
			);
			sourceTree = "<group>";
		};
		DD5D254E23C745E6000EFD1E /* Products */ = {
			isa = PBXGroup;
			children = (
				DD5D254D23C745E6000EFD1E /* MapsGoes.app */,
			);
			name = Products;
			sourceTree = "<group>";
		};
		DD5D254F23C745E6000EFD1E /* MapsGoes */ = {
			isa = PBXGroup;
			children = (
				DD1BA47C23C7C8CB0062BD40 /* GPX Location */,
				DD5D256D23C7AA58000EFD1E /* Views */,
				DD5D256A23C77E76000EFD1E /* Extension */,
				DD5D256423C747C1000EFD1E /* Controllers */,
				DD5D255023C745E6000EFD1E /* AppDelegate.swift */,
				DD5D255223C745E6000EFD1E /* SceneDelegate.swift */,
				DD5D255423C745E6000EFD1E /* ContentView.swift */,
				DD5D255623C745E9000EFD1E /* Assets.xcassets */,
				DD5D255B23C745E9000EFD1E /* LaunchScreen.storyboard */,
				DD5D255E23C745E9000EFD1E /* Info.plist */,
				DD5D255823C745E9000EFD1E /* Preview Content */,
			);
			path = MapsGoes;
			sourceTree = "<group>";
		};
		DD5D255823C745E9000EFD1E /* Preview Content */ = {
			isa = PBXGroup;
			children = (
				DD5D255923C745E9000EFD1E /* Preview Assets.xcassets */,
			);
			path = "Preview Content";
			sourceTree = "<group>";
		};
		DD5D256423C747C1000EFD1E /* Controllers */ = {
			isa = PBXGroup;
			children = (
				DD1BA47923C7C0EC0062BD40 /* MapViewController */,
				DD5D256E23C7AA89000EFD1E /* LocationCarouselController.swift */,
			);
			path = Controllers;
			sourceTree = "<group>";
		};
		DD5D256A23C77E76000EFD1E /* Extension */ = {
			isa = PBXGroup;
			children = (
				DD5D256B23C77E93000EFD1E /* MKMapExtension.swift */,
				DD1BA48123C7CE3F0062BD40 /* CustomMapItemAnnotation.swift */,
			);
			path = Extension;
			sourceTree = "<group>";
		};
		DD5D256D23C7AA58000EFD1E /* Views */ = {
			isa = PBXGroup;
			children = (
				DD5D257023C7AADC000EFD1E /* LocationCell.swift */,
			);
			path = Views;
			sourceTree = "<group>";
		};
/* End PBXGroup section */

/* Begin PBXNativeTarget section */
		DD5D254C23C745E6000EFD1E /* MapsGoes */ = {
			isa = PBXNativeTarget;
			buildConfigurationList = DD5D256123C745E9000EFD1E /* Build configuration list for PBXNativeTarget "MapsGoes" */;
			buildPhases = (
				DD5D254923C745E6000EFD1E /* Sources */,
				DD5D254A23C745E6000EFD1E /* Frameworks */,
				DD5D254B23C745E6000EFD1E /* Resources */,
			);
			buildRules = (
			);
			dependencies = (
			);
			name = MapsGoes;
			packageProductDependencies = (
				DD5D256823C749EC000EFD1E /* LBTATools */,
			);
			productName = MapsGoes;
			productReference = DD5D254D23C745E6000EFD1E /* MapsGoes.app */;
			productType = "com.apple.product-type.application";
		};
/* End PBXNativeTarget section */

/* Begin PBXProject section */
		DD5D254523C745E6000EFD1E /* Project object */ = {
			isa = PBXProject;
			attributes = {
				LastSwiftUpdateCheck = 1130;
				LastUpgradeCheck = 1130;
				ORGANIZATIONNAME = "Igor Tkach";
				TargetAttributes = {
					DD5D254C23C745E6000EFD1E = {
						CreatedOnToolsVersion = 11.3;
					};
				};
			};
			buildConfigurationList = DD5D254823C745E6000EFD1E /* Build configuration list for PBXProject "MapsGoes" */;
			compatibilityVersion = "Xcode 9.3";
			developmentRegion = en;
			hasScannedForEncodings = 0;
			knownRegions = (
				en,
				Base,
			);
			mainGroup = DD5D254423C745E6000EFD1E;
			packageReferences = (
				DD5D256723C749EC000EFD1E /* XCRemoteSwiftPackageReference "LBTATools" */,
			);
			productRefGroup = DD5D254E23C745E6000EFD1E /* Products */;
			projectDirPath = "";
			projectRoot = "";
			targets = (
				DD5D254C23C745E6000EFD1E /* MapsGoes */,
			);
		};
/* End PBXProject section */

/* Begin PBXResourcesBuildPhase section */
		DD5D254B23C745E6000EFD1E /* Resources */ = {
			isa = PBXResourcesBuildPhase;
			buildActionMask = 2147483647;
			files = (
				DD5D255D23C745E9000EFD1E /* LaunchScreen.storyboard in Resources */,
				DD1BA47E23C7C9E90062BD40 /* Khmelnitskyi.gpx in Resources */,
				DD1BA48023C7CA300062BD40 /* Lviv.gpx in Resources */,
				DD5D255A23C745E9000EFD1E /* Preview Assets.xcassets in Resources */,
				DD5D255723C745E9000EFD1E /* Assets.xcassets in Resources */,
			);
			runOnlyForDeploymentPostprocessing = 0;
		};
/* End PBXResourcesBuildPhase section */

/* Begin PBXSourcesBuildPhase section */
		DD5D254923C745E6000EFD1E /* Sources */ = {
			isa = PBXSourcesBuildPhase;
			buildActionMask = 2147483647;
			files = (
				DD5D256623C747D8000EFD1E /* MapViewController.swift in Sources */,
				DD5D255123C745E6000EFD1E /* AppDelegate.swift in Sources */,
				DD5D256F23C7AA89000EFD1E /* LocationCarouselController.swift in Sources */,
				DD5D255323C745E6000EFD1E /* SceneDelegate.swift in Sources */,
				DD1BA48223C7CE3F0062BD40 /* CustomMapItemAnnotation.swift in Sources */,
				DD5D257123C7AADC000EFD1E /* LocationCell.swift in Sources */,
				DD5D256C23C77E93000EFD1E /* MKMapExtension.swift in Sources */,
				DD5D255523C745E6000EFD1E /* ContentView.swift in Sources */,
				DD1BA47B23C7C14B0062BD40 /* MapViewController+UserLocation.swift in Sources */,
			);
			runOnlyForDeploymentPostprocessing = 0;
		};
/* End PBXSourcesBuildPhase section */

/* Begin PBXVariantGroup section */
		DD5D255B23C745E9000EFD1E /* LaunchScreen.storyboard */ = {
			isa = PBXVariantGroup;
			children = (
				DD5D255C23C745E9000EFD1E /* Base */,
			);
			name = LaunchScreen.storyboard;
			sourceTree = "<group>";
		};
/* End PBXVariantGroup section */

/* Begin XCBuildConfiguration section */
		DD5D255F23C745E9000EFD1E /* Debug */ = {
			isa = XCBuildConfiguration;
			buildSettings = {
				ALWAYS_SEARCH_USER_PATHS = NO;
				CLANG_ANALYZER_NONNULL = YES;
				CLANG_ANALYZER_NUMBER_OBJECT_CONVERSION = YES_AGGRESSIVE;
				CLANG_CXX_LANGUAGE_STANDARD = "gnu++14";
				CLANG_CXX_LIBRARY = "libc++";
				CLANG_ENABLE_MODULES = YES;
				CLANG_ENABLE_OBJC_ARC = YES;
				CLANG_ENABLE_OBJC_WEAK = YES;
				CLANG_WARN_BLOCK_CAPTURE_AUTORELEASING = YES;
				CLANG_WARN_BOOL_CONVERSION = YES;
				CLANG_WARN_COMMA = YES;
				CLANG_WARN_CONSTANT_CONVERSION = YES;
				CLANG_WARN_DEPRECATED_OBJC_IMPLEMENTATIONS = YES;
				CLANG_WARN_DIRECT_OBJC_ISA_USAGE = YES_ERROR;
				CLANG_WARN_DOCUMENTATION_COMMENTS = YES;
				CLANG_WARN_EMPTY_BODY = YES;
				CLANG_WARN_ENUM_CONVERSION = YES;
				CLANG_WARN_INFINITE_RECURSION = YES;
				CLANG_WARN_INT_CONVERSION = YES;
				CLANG_WARN_NON_LITERAL_NULL_CONVERSION = YES;
				CLANG_WARN_OBJC_IMPLICIT_RETAIN_SELF = YES;
				CLANG_WARN_OBJC_LITERAL_CONVERSION = YES;
				CLANG_WARN_OBJC_ROOT_CLASS = YES_ERROR;
				CLANG_WARN_RANGE_LOOP_ANALYSIS = YES;
				CLANG_WARN_STRICT_PROTOTYPES = YES;
				CLANG_WARN_SUSPICIOUS_MOVE = YES;
				CLANG_WARN_UNGUARDED_AVAILABILITY = YES_AGGRESSIVE;
				CLANG_WARN_UNREACHABLE_CODE = YES;
				CLANG_WARN__DUPLICATE_METHOD_MATCH = YES;
				COPY_PHASE_STRIP = NO;
				DEBUG_INFORMATION_FORMAT = dwarf;
				ENABLE_STRICT_OBJC_MSGSEND = YES;
				ENABLE_TESTABILITY = YES;
				GCC_C_LANGUAGE_STANDARD = gnu11;
				GCC_DYNAMIC_NO_PIC = NO;
				GCC_NO_COMMON_BLOCKS = YES;
				GCC_OPTIMIZATION_LEVEL = 0;
				GCC_PREPROCESSOR_DEFINITIONS = (
					"DEBUG=1",
					"$(inherited)",
				);
				GCC_WARN_64_TO_32_BIT_CONVERSION = YES;
				GCC_WARN_ABOUT_RETURN_TYPE = YES_ERROR;
				GCC_WARN_UNDECLARED_SELECTOR = YES;
				GCC_WARN_UNINITIALIZED_AUTOS = YES_AGGRESSIVE;
				GCC_WARN_UNUSED_FUNCTION = YES;
				GCC_WARN_UNUSED_VARIABLE = YES;
				IPHONEOS_DEPLOYMENT_TARGET = 13.2;
				MTL_ENABLE_DEBUG_INFO = INCLUDE_SOURCE;
				MTL_FAST_MATH = YES;
				ONLY_ACTIVE_ARCH = YES;
				SDKROOT = iphoneos;
				SWIFT_ACTIVE_COMPILATION_CONDITIONS = DEBUG;
				SWIFT_OPTIMIZATION_LEVEL = "-Onone";
			};
			name = Debug;
		};
		DD5D256023C745E9000EFD1E /* Release */ = {
			isa = XCBuildConfiguration;
			buildSettings = {
				ALWAYS_SEARCH_USER_PATHS = NO;
				CLANG_ANALYZER_NONNULL = YES;
				CLANG_ANALYZER_NUMBER_OBJECT_CONVERSION = YES_AGGRESSIVE;
				CLANG_CXX_LANGUAGE_STANDARD = "gnu++14";
				CLANG_CXX_LIBRARY = "libc++";
				CLANG_ENABLE_MODULES = YES;
				CLANG_ENABLE_OBJC_ARC = YES;
				CLANG_ENABLE_OBJC_WEAK = YES;
				CLANG_WARN_BLOCK_CAPTURE_AUTORELEASING = YES;
				CLANG_WARN_BOOL_CONVERSION = YES;
				CLANG_WARN_COMMA = YES;
				CLANG_WARN_CONSTANT_CONVERSION = YES;
				CLANG_WARN_DEPRECATED_OBJC_IMPLEMENTATIONS = YES;
				CLANG_WARN_DIRECT_OBJC_ISA_USAGE = YES_ERROR;
				CLANG_WARN_DOCUMENTATION_COMMENTS = YES;
				CLANG_WARN_EMPTY_BODY = YES;
				CLANG_WARN_ENUM_CONVERSION = YES;
				CLANG_WARN_INFINITE_RECURSION = YES;
				CLANG_WARN_INT_CONVERSION = YES;
				CLANG_WARN_NON_LITERAL_NULL_CONVERSION = YES;
				CLANG_WARN_OBJC_IMPLICIT_RETAIN_SELF = YES;
				CLANG_WARN_OBJC_LITERAL_CONVERSION = YES;
				CLANG_WARN_OBJC_ROOT_CLASS = YES_ERROR;
				CLANG_WARN_RANGE_LOOP_ANALYSIS = YES;
				CLANG_WARN_STRICT_PROTOTYPES = YES;
				CLANG_WARN_SUSPICIOUS_MOVE = YES;
				CLANG_WARN_UNGUARDED_AVAILABILITY = YES_AGGRESSIVE;
				CLANG_WARN_UNREACHABLE_CODE = YES;
				CLANG_WARN__DUPLICATE_METHOD_MATCH = YES;
				COPY_PHASE_STRIP = NO;
				DEBUG_INFORMATION_FORMAT = "dwarf-with-dsym";
				ENABLE_NS_ASSERTIONS = NO;
				ENABLE_STRICT_OBJC_MSGSEND = YES;
				GCC_C_LANGUAGE_STANDARD = gnu11;
				GCC_NO_COMMON_BLOCKS = YES;
				GCC_WARN_64_TO_32_BIT_CONVERSION = YES;
				GCC_WARN_ABOUT_RETURN_TYPE = YES_ERROR;
				GCC_WARN_UNDECLARED_SELECTOR = YES;
				GCC_WARN_UNINITIALIZED_AUTOS = YES_AGGRESSIVE;
				GCC_WARN_UNUSED_FUNCTION = YES;
				GCC_WARN_UNUSED_VARIABLE = YES;
				IPHONEOS_DEPLOYMENT_TARGET = 13.2;
				MTL_ENABLE_DEBUG_INFO = NO;
				MTL_FAST_MATH = YES;
				SDKROOT = iphoneos;
				SWIFT_COMPILATION_MODE = wholemodule;
				SWIFT_OPTIMIZATION_LEVEL = "-O";
				VALIDATE_PRODUCT = YES;
			};
			name = Release;
		};
		DD5D256223C745E9000EFD1E /* Debug */ = {
			isa = XCBuildConfiguration;
			buildSettings = {
				ASSETCATALOG_COMPILER_APPICON_NAME = AppIcon;
				CODE_SIGN_STYLE = Automatic;
				DEVELOPMENT_ASSET_PATHS = "\"MapsGoes/Preview Content\"";
				DEVELOPMENT_TEAM = 6D6XU3X587;
				ENABLE_PREVIEWS = YES;
				INFOPLIST_FILE = MapsGoes/Info.plist;
				LD_RUNPATH_SEARCH_PATHS = (
					"$(inherited)",
					"@executable_path/Frameworks",
				);
				PRODUCT_BUNDLE_IDENTIFIER = tkach.igor.MapsGoes;
				PRODUCT_NAME = "$(TARGET_NAME)";
				SWIFT_VERSION = 5.0;
				TARGETED_DEVICE_FAMILY = "1,2";
			};
			name = Debug;
		};
		DD5D256323C745E9000EFD1E /* Release */ = {
			isa = XCBuildConfiguration;
			buildSettings = {
				ASSETCATALOG_COMPILER_APPICON_NAME = AppIcon;
				CODE_SIGN_STYLE = Automatic;
				DEVELOPMENT_ASSET_PATHS = "\"MapsGoes/Preview Content\"";
				DEVELOPMENT_TEAM = 6D6XU3X587;
				ENABLE_PREVIEWS = YES;
				INFOPLIST_FILE = MapsGoes/Info.plist;
				LD_RUNPATH_SEARCH_PATHS = (
					"$(inherited)",
					"@executable_path/Frameworks",
				);
				PRODUCT_BUNDLE_IDENTIFIER = tkach.igor.MapsGoes;
				PRODUCT_NAME = "$(TARGET_NAME)";
				SWIFT_VERSION = 5.0;
				TARGETED_DEVICE_FAMILY = "1,2";
			};
			name = Release;
		};
/* End XCBuildConfiguration section */

/* Begin XCConfigurationList section */
		DD5D254823C745E6000EFD1E /* Build configuration list for PBXProject "MapsGoes" */ = {
			isa = XCConfigurationList;
			buildConfigurations = (
				DD5D255F23C745E9000EFD1E /* Debug */,
				DD5D256023C745E9000EFD1E /* Release */,
			);
			defaultConfigurationIsVisible = 0;
			defaultConfigurationName = Release;
		};
		DD5D256123C745E9000EFD1E /* Build configuration list for PBXNativeTarget "MapsGoes" */ = {
			isa = XCConfigurationList;
			buildConfigurations = (
				DD5D256223C745E9000EFD1E /* Debug */,
				DD5D256323C745E9000EFD1E /* Release */,
			);
			defaultConfigurationIsVisible = 0;
			defaultConfigurationName = Release;
		};
/* End XCConfigurationList section */

/* Begin XCRemoteSwiftPackageReference section */
		DD5D256723C749EC000EFD1E /* XCRemoteSwiftPackageReference "LBTATools" */ = {
			isa = XCRemoteSwiftPackageReference;
			repositoryURL = "https://github.com/bhlvoong/LBTATools.git";
			requirement = {
				kind = upToNextMajorVersion;
				minimumVersion = 1.0.17;
			};
		};
/* End XCRemoteSwiftPackageReference section */

/* Begin XCSwiftPackageProductDependency section */
		DD5D256823C749EC000EFD1E /* LBTATools */ = {
			isa = XCSwiftPackageProductDependency;
			package = DD5D256723C749EC000EFD1E /* XCRemoteSwiftPackageReference "LBTATools" */;
			productName = LBTATools;
		};
/* End XCSwiftPackageProductDependency section */
	};
	rootObject = DD5D254523C745E6000EFD1E /* Project object */;
}
